
Microsoft Visual Studio Solution File, Format Version 12.00
# Visual Studio Version 16
VisualStudioVersion = 16.0.30907.101
MinimumVisualStudioVersion = 10.0.40219.1
Project("{FAE04EC0-301F-11D3-BF4B-00C04F79EFBC}") = "GameProject", "GameProject\GameProject.csproj", "{8E58E422-84FF-4E2D-AB42-E83DDC476CAD}"
EndProject
Global
	GlobalSection(SolutionConfigurationPlatforms) = preSolution
		Debug|Any CPU = Debug|Any CPU
		Release|Any CPU = Release|Any CPU
	EndGlobalSection
	GlobalSection(ProjectConfigurationPlatforms) = postSolution
		{8E58E422-84FF-4E2D-AB42-E83DDC476CAD}.Debug|Any CPU.ActiveCfg = Debug|Any CPU
		{8E58E422-84FF-4E2D-AB42-E83DDC476CAD}.Debug|Any CPU.Build.0 = Debug|Any CPU
		{8E58E422-84FF-4E2D-AB42-E83DDC476CAD}.Release|Any CPU.ActiveCfg = Release|Any CPU
		{8E58E422-84FF-4E2D-AB42-E83DDC476CAD}.Release|Any CPU.Build.0 = Release|Any CPU
	EndGlobalSection
	GlobalSection(SolutionProperties) = preSolution
		HideSolutionNode = FALSE
	EndGlobalSection
	GlobalSection(ExtensibilityGlobals) = postSolution
		SolutionGuid = {FD2F977C-5189-42A4-B76E-995E5F6A4786}
	EndGlobalSection
EndGlobal
